
Microsoft Visual Studio Solution File, Format Version 12.00
# Visual Studio Version 17
VisualStudioVersion = 17.5.002.0
MinimumVisualStudioVersion = 10.0.40219.1
Project("{9A19103F-16F7-4668-BE54-9A1E7A4F7556}") = "alcoolOUgasolina", "alcoolOUgasolina.csproj", "{59279AE8-1428-453B-8567-667CE421A777}"
EndProject
Global
	GlobalSection(SolutionConfigurationPlatforms) = preSolution
		Debug|Any CPU = Debug|Any CPU
		Release|Any CPU = Release|Any CPU
	EndGlobalSection
	GlobalSection(ProjectConfigurationPlatforms) = postSolution
		{59279AE8-1428-453B-8567-667CE421A777}.Debug|Any CPU.ActiveCfg = Debug|Any CPU
		{59279AE8-1428-453B-8567-667CE421A777}.Debug|Any CPU.Build.0 = Debug|Any CPU
		{59279AE8-1428-453B-8567-667CE421A777}.Release|Any CPU.ActiveCfg = Release|Any CPU
		{59279AE8-1428-453B-8567-667CE421A777}.Release|Any CPU.Build.0 = Release|Any CPU
	EndGlobalSection
	GlobalSection(SolutionProperties) = preSolution
		HideSolutionNode = FALSE
	EndGlobalSection
	GlobalSection(ExtensibilityGlobals) = postSolution
		SolutionGuid = {820CA328-9432-45C7-8ECE-3C24E4FF7FB7}
	EndGlobalSection
EndGlobal
